{
  "object": {
    "pins": [
      {
        "package": "markdown-webview",
        "repositoryURL": "https://github.com/tomdai/markdown-webview?ref=iosexample.com",
        "state": {
          "branch": null,
          "revision": "a50704f158366705a1fcb0f6d6424b5522cd8b17",
          "version": "2.0.1"
        }
      },
      {
        "package": "NetworkImage",
        "repositoryURL": "https://github.com/gonzalezreal/NetworkImage",
        "state": {
          "branch": null,
          "revision": "7aff8d1b31148d32c5933d75557d42f6323ee3d1",
          "version": "6.0.0"
        }
      },
      {
        "package": "Splash",
        "repositoryURL": "https://github.com/JohnSundell/Splash",
        "state": {
          "branch": null,
          "revision": "7f4df436eb78fe64fe2c32c58006e9949fa28ad8",
          "version": "0.16.0"
        }
      },
      {
        "package": "swift-markdown-ui",
        "repositoryURL": "https://github.com/gonzalezreal/swift-markdown-ui",
        "state": {
          "branch": null,
          "revision": "5df8a4adedd6ae4eb2455ef60ff75183984daeb8",
          "version": "2.2.0"
        }
      }
    ]
  },
  "version": 1
}
