{
  "originHash" : "fa13da83b2289bb58d2edb043cf4d776a8955f62c867af3865c7bb262f44439a",
  "pins" : [
    {
      "identity" : "generative-ai-swift",
      "kind" : "remoteSourceControl",
      "location" : "https://github.com/SilverMarcs/generative-ai-swift",
      "state" : {
        "branch" : "main",
        "revision" : "102f6e6ab6bd41bfb1c1eddc85ff939c512327b1"
      }
    },
    {
      "identity" : "gptencoder",
      "kind" : "remoteSourceControl",
      "location" : "https://github.com/alfianlosari/GPTEncoder.git",
      "state" : {
        "revision" : "a86968867ab4380e36b904a14c42215f71efe8b4",
        "version" : "1.0.4"
      }
    },
    {
      "identity" : "keyboardshortcuts",
      "kind" : "remoteSourceControl",
      "location" : "https://github.com/sindresorhus/KeyboardShortcuts",
      "state" : {
        "revision" : "9203a8de359dc64259bdb28cc44af32c15b3fc5b",
        "version" : "2.2.1"
      }
    },
    {
      "identity" : "markdown-webview",
      "kind" : "remoteSourceControl",
      "location" : "https://github.com/SilverMarcs/markdown-webview",
      "state" : {
        "branch" : "master",
        "revision" : "9e9a20d700873d5f39e385e2ad62b2bd97b041dd"
      }
    },
    {
      "identity" : "openai",
      "kind" : "remoteSourceControl",
      "location" : "https://github.com/SilverMarcs/OpenAI",
      "state" : {
        "branch" : "cancellable",
        "revision" : "b00b7b607be73db06a4dc7a18fd50e5ac5d2c828"
      }
    },
    {
      "identity" : "swiftanthropic",
      "kind" : "remoteSourceControl",
      "location" : "https://github.com/jamesrochabrun/SwiftAnthropic",
      "state" : {
        "revision" : "f0c746648f0c393ebe7ae6349f35bf8dfde6a108",
        "version" : "1.8.4"
      }
    }
  ],
  "version" : 3
}
