{
  "originHash" : "d5ac1f644f0c4e611ffc7f98c9727875a03398ed2392dbc17e2e3efd5098a315",
  "pins" : [
    {
      "identity" : "googlegenerativeai",
      "kind" : "remoteSourceControl",
      "location" : "https://github.com/SilverMarcs/GoogleGenerativeAI",
      "state" : {
        "branch" : "main",
        "revision" : "f17e1750c78e85254ad40d6be1f43aca41adf405"
      }
    },
    {
      "identity" : "keyboardshortcuts",
      "kind" : "remoteSourceControl",
      "location" : "https://github.com/sindresorhus/KeyboardShortcuts",
      "state" : {
        "revision" : "c3c361f409b8dbe1eab186078b41c330a6a82c9a",
        "version" : "2.2.2"
      }
    },
    {
      "identity" : "markdown-webview",
      "kind" : "remoteSourceControl",
      "location" : "https://github.com/SilverMarcs/markdown-webview",
      "state" : {
        "branch" : "main",
        "revision" : "76b664eb66d48b08b71b586f06bd884d9998a94b"
      }
    },
    {
      "identity" : "openai",
      "kind" : "remoteSourceControl",
      "location" : "https://github.com/SilverMarcs/OpenAI",
      "state" : {
        "branch" : "main",
        "revision" : "dd462d9c2e40ed7bc22b24ae77b95d732253312c"
      }
    },
    {
      "identity" : "swiftanthropic",
      "kind" : "remoteSourceControl",
      "location" : "https://github.com/SilverMarcs/SwiftAnthropic",
      "state" : {
        "branch" : "main",
        "revision" : "95524ed1d36b5de6e051cc82db95962959ff6efe"
      }
    }
  ],
  "version" : 3
}
