// !$*UTF8*$!
{
	archiveVersion = 1;
	classes = {
	};
	objectVersion = 56;
	objects = {

/* Begin PBXBuildFile section */
		08027CBB2B0D2D8A00ED09E6 /* OpenAI in Frameworks */ = {isa = PBXBuildFile; productRef = 08027CBA2B0D2D8A00ED09E6 /* OpenAI */; };
		081859842B34D3DA005B1DE1 /* VisualEffectView in Frameworks */ = {isa = PBXBuildFile; productRef = 081859832B34D3DA005B1DE1 /* VisualEffectView */; };
		0829D1132B3166D900DFFBB1 /* iOSMessages.swift in Sources */ = {isa = PBXBuildFile; fileRef = 0829D1122B3166D900DFFBB1 /* iOSMessages.swift */; };
		0829D1152B3166E300DFFBB1 /* MacOSMessages.swift in Sources */ = {isa = PBXBuildFile; fileRef = 0829D1142B3166E300DFFBB1 /* MacOSMessages.swift */; };
		0829D1172B317A4B00DFFBB1 /* ConversationView.swift in Sources */ = {isa = PBXBuildFile; fileRef = 0829D1162B317A4B00DFFBB1 /* ConversationView.swift */; };
		0829D1192B31936C00DFFBB1 /* IOSDialogList.swift in Sources */ = {isa = PBXBuildFile; fileRef = 0829D1182B31936C00DFFBB1 /* IOSDialogList.swift */; };
		0829D11B2B31938000DFFBB1 /* MacOSDialogList.swift in Sources */ = {isa = PBXBuildFile; fileRef = 0829D11A2B31938000DFFBB1 /* MacOSDialogList.swift */; };
		0837E47D2AFE57A100C03059 /* DefaultConfigView.swift in Sources */ = {isa = PBXBuildFile; fileRef = 0837E47C2AFE57A100C03059 /* DefaultConfigView.swift */; };
		0837E4812AFFE7B000C03059 /* Model.swift in Sources */ = {isa = PBXBuildFile; fileRef = 0837E4802AFFE7AF00C03059 /* Model.swift */; };
		0846F1F62B33D68F002A2EB2 /* ProviderImage.swift in Sources */ = {isa = PBXBuildFile; fileRef = 0846F1F52B33D68F002A2EB2 /* ProviderImage.swift */; };
		085D40BF2AFD66340033F8B5 /* Utils.swift in Sources */ = {isa = PBXBuildFile; fileRef = 085D40BE2AFD66340033F8B5 /* Utils.swift */; };
		085D40C12AFD77F90033F8B5 /* AppConfiguration.swift in Sources */ = {isa = PBXBuildFile; fileRef = 085D40C02AFD77F90033F8B5 /* AppConfiguration.swift */; };
		085D40C32AFD8C250033F8B5 /* Provider.swift in Sources */ = {isa = PBXBuildFile; fileRef = 085D40C22AFD8C250033F8B5 /* Provider.swift */; };
		086E3FB52B310D0300FD9C0B /* ToolbarItems.swift in Sources */ = {isa = PBXBuildFile; fileRef = 086E3FB42B310D0300FD9C0B /* ToolbarItems.swift */; };
		0878E53B2B1683ED00E0D79D /* AppIconView.swift in Sources */ = {isa = PBXBuildFile; fileRef = 0878E53A2B1683ED00E0D79D /* AppIconView.swift */; };
		08827D112B28B72B0044213B /* ErrorDescView.swift in Sources */ = {isa = PBXBuildFile; fileRef = 08827D102B28B72B0044213B /* ErrorDescView.swift */; };
		088CF05E2B1E3098009CFDCB /* OpenAI in Frameworks */ = {isa = PBXBuildFile; productRef = 088CF05D2B1E3098009CFDCB /* OpenAI */; };
		088CF0602B1E43C6009CFDCB /* PlaceHolderView.swift in Sources */ = {isa = PBXBuildFile; fileRef = 088CF05F2B1E43C6009CFDCB /* PlaceHolderView.swift */; };
		088CF0622B1E705D009CFDCB /* ContextResetDivider.swift in Sources */ = {isa = PBXBuildFile; fileRef = 088CF0612B1E705D009CFDCB /* ContextResetDivider.swift */; };
		089119302B36C17300CABAF0 /* MarkdownWebView in Frameworks */ = {isa = PBXBuildFile; productRef = 0891192F2B36C17300CABAF0 /* MarkdownWebView */; };
		08A1EF4E2B2604D000A88A3A /* UserMessageView.swift in Sources */ = {isa = PBXBuildFile; fileRef = 08A1EF4D2B2604D000A88A3A /* UserMessageView.swift */; };
		08A1EF502B2606C000A88A3A /* AssistantMessageView.swift in Sources */ = {isa = PBXBuildFile; fileRef = 08A1EF4F2B2606C000A88A3A /* AssistantMessageView.swift */; };
		08A1EF522B26100600A88A3A /* DialogueViewModel.swift in Sources */ = {isa = PBXBuildFile; fileRef = 08A1EF512B26100600A88A3A /* DialogueViewModel.swift */; };
		08C3A16B2B1B7DAB006E4288 /* LabeledPicker.swift in Sources */ = {isa = PBXBuildFile; fileRef = 08C3A16A2B1B7DAB006E4288 /* LabeledPicker.swift */; };
		08D533302B2C25CC008B4FA9 /* ContextMenu.swift in Sources */ = {isa = PBXBuildFile; fileRef = 08D5332F2B2C25CC008B4FA9 /* ContextMenu.swift */; };
		08D533322B2C2D50008B4FA9 /* AdaptiveStack.swift in Sources */ = {isa = PBXBuildFile; fileRef = 08D533312B2C2D50008B4FA9 /* AdaptiveStack.swift */; };
		08D533342B2C2ED9008B4FA9 /* MarkdownView.swift in Sources */ = {isa = PBXBuildFile; fileRef = 08D533332B2C2ED9008B4FA9 /* MarkdownView.swift */; };
		08ED9EB82B02564D00849A1E /* DialogueListItem.swift in Sources */ = {isa = PBXBuildFile; fileRef = 08ED9EB72B02564D00849A1E /* DialogueListItem.swift */; };
		08F74EA42B0BC318006D1DD3 /* ServiceSettingsView.swift in Sources */ = {isa = PBXBuildFile; fileRef = 08F74EA32B0BC318006D1DD3 /* ServiceSettingsView.swift */; };
		E4994DF229DA8B29002981D0 /* MacOSSettingsView.swift in Sources */ = {isa = PBXBuildFile; fileRef = E4994DF129DA8B29002981D0 /* MacOSSettingsView.swift */; };
		E4C65EA229CA9E7E00AFA884 /* GPTalks.swift in Sources */ = {isa = PBXBuildFile; fileRef = E4C65EA129CA9E7E00AFA884 /* GPTalks.swift */; };
		E4C65EA429CA9E7E00AFA884 /* Persistence.swift in Sources */ = {isa = PBXBuildFile; fileRef = E4C65EA329CA9E7E00AFA884 /* Persistence.swift */; };
		E4C65EA729CA9E7E00AFA884 /* GPTalks.xcdatamodeld in Sources */ = {isa = PBXBuildFile; fileRef = E4C65EA529CA9E7E00AFA884 /* GPTalks.xcdatamodeld */; };
		E4C65EA929CA9E7E00AFA884 /* ContentView.swift in Sources */ = {isa = PBXBuildFile; fileRef = E4C65EA829CA9E7E00AFA884 /* ContentView.swift */; };
		E4C65EAB29CA9E7F00AFA884 /* Assets.xcassets in Resources */ = {isa = PBXBuildFile; fileRef = E4C65EAA29CA9E7F00AFA884 /* Assets.xcassets */; };
		E4C65EAF29CA9E7F00AFA884 /* Preview Assets.xcassets in Resources */ = {isa = PBXBuildFile; fileRef = E4C65EAE29CA9E7F00AFA884 /* Preview Assets.xcassets */; };
		E4C65EB929CA9E8000AFA884 /* ChatGPTTests.swift in Sources */ = {isa = PBXBuildFile; fileRef = E4C65EB829CA9E8000AFA884 /* ChatGPTTests.swift */; };
		E4C65EC329CA9E8000AFA884 /* ChatGPTUITests.swift in Sources */ = {isa = PBXBuildFile; fileRef = E4C65EC229CA9E8000AFA884 /* ChatGPTUITests.swift */; };
		E4C65EC529CA9E8000AFA884 /* ChatGPTUITestsLaunchTests.swift in Sources */ = {isa = PBXBuildFile; fileRef = E4C65EC429CA9E8000AFA884 /* ChatGPTUITestsLaunchTests.swift */; };
		E4C65EED29CA9F7800AFA884 /* DialogueSession.swift in Sources */ = {isa = PBXBuildFile; fileRef = E4C65ED329CA9F7800AFA884 /* DialogueSession.swift */; };
		E4C65EEE29CA9F7800AFA884 /* Conversation.swift in Sources */ = {isa = PBXBuildFile; fileRef = E4C65ED429CA9F7800AFA884 /* Conversation.swift */; };
		E4C65EF229CA9F7800AFA884 /* MessageBubble.swift in Sources */ = {isa = PBXBuildFile; fileRef = E4C65EDA29CA9F7800AFA884 /* MessageBubble.swift */; };
		E4C65EF329CA9F7800AFA884 /* ReplyingIndicatorView.swift in Sources */ = {isa = PBXBuildFile; fileRef = E4C65EDB29CA9F7800AFA884 /* ReplyingIndicatorView.swift */; };
		E4C65EF629CA9F7800AFA884 /* AppSettingsView.swift in Sources */ = {isa = PBXBuildFile; fileRef = E4C65EDE29CA9F7800AFA884 /* AppSettingsView.swift */; };
		E4C65EFE29CA9F7800AFA884 /* Splash.swift in Sources */ = {isa = PBXBuildFile; fileRef = E4C65EEB29CA9F7800AFA884 /* Splash.swift */; };
		E4C65F0E29CAA06600AFA884 /* Splash in Frameworks */ = {isa = PBXBuildFile; productRef = E4C65F0D29CAA06600AFA884 /* Splash */; };
		E4C65F1129CAA08400AFA884 /* MarkdownUI in Frameworks */ = {isa = PBXBuildFile; productRef = E4C65F1029CAA08400AFA884 /* MarkdownUI */; };
		E4C65F1829CBEE2400AFA884 /* BottomInputView.swift in Sources */ = {isa = PBXBuildFile; fileRef = E4C65F1729CBEE2400AFA884 /* BottomInputView.swift */; };
		E4C65F2029D0649800AFA884 /* DialogueSettingsView.swift in Sources */ = {isa = PBXBuildFile; fileRef = E4C65F1F29D0649800AFA884 /* DialogueSettingsView.swift */; };
/* End PBXBuildFile section */

/* Begin PBXContainerItemProxy section */
		E4C65EB529CA9E8000AFA884 /* PBXContainerItemProxy */ = {
			isa = PBXContainerItemProxy;
			containerPortal = E4C65E9629CA9E7E00AFA884 /* Project object */;
			proxyType = 1;
			remoteGlobalIDString = E4C65E9D29CA9E7E00AFA884;
			remoteInfo = ChatGPT;
		};
		E4C65EBF29CA9E8000AFA884 /* PBXContainerItemProxy */ = {
			isa = PBXContainerItemProxy;
			containerPortal = E4C65E9629CA9E7E00AFA884 /* Project object */;
			proxyType = 1;
			remoteGlobalIDString = E4C65E9D29CA9E7E00AFA884;
			remoteInfo = ChatGPT;
		};
/* End PBXContainerItemProxy section */

/* Begin PBXFileReference section */
		081859862B34D629005B1DE1 /* VisualEffectView */ = {isa = PBXFileReference; lastKnownFileType = wrapper; path = VisualEffectView; sourceTree = "<group>"; };
		0829D1122B3166D900DFFBB1 /* iOSMessages.swift */ = {isa = PBXFileReference; lastKnownFileType = sourcecode.swift; path = iOSMessages.swift; sourceTree = "<group>"; };
		0829D1142B3166E300DFFBB1 /* MacOSMessages.swift */ = {isa = PBXFileReference; lastKnownFileType = sourcecode.swift; path = MacOSMessages.swift; sourceTree = "<group>"; };
		0829D1162B317A4B00DFFBB1 /* ConversationView.swift */ = {isa = PBXFileReference; lastKnownFileType = sourcecode.swift; path = ConversationView.swift; sourceTree = "<group>"; };
		0829D1182B31936C00DFFBB1 /* IOSDialogList.swift */ = {isa = PBXFileReference; lastKnownFileType = sourcecode.swift; path = IOSDialogList.swift; sourceTree = "<group>"; };
		0829D11A2B31938000DFFBB1 /* MacOSDialogList.swift */ = {isa = PBXFileReference; lastKnownFileType = sourcecode.swift; path = MacOSDialogList.swift; sourceTree = "<group>"; };
		0837E47C2AFE57A100C03059 /* DefaultConfigView.swift */ = {isa = PBXFileReference; lastKnownFileType = sourcecode.swift; path = DefaultConfigView.swift; sourceTree = "<group>"; };
		0837E4802AFFE7AF00C03059 /* Model.swift */ = {isa = PBXFileReference; lastKnownFileType = sourcecode.swift; path = Model.swift; sourceTree = "<group>"; };
		0846F1F52B33D68F002A2EB2 /* ProviderImage.swift */ = {isa = PBXFileReference; lastKnownFileType = sourcecode.swift; path = ProviderImage.swift; sourceTree = "<group>"; };
		0858B5D12B369A78006712C1 /* OpenAI */ = {isa = PBXFileReference; lastKnownFileType = wrapper; name = OpenAI; path = ../OpenAI; sourceTree = "<group>"; };
		085D40BE2AFD66340033F8B5 /* Utils.swift */ = {isa = PBXFileReference; lastKnownFileType = sourcecode.swift; path = Utils.swift; sourceTree = "<group>"; };
		085D40C02AFD77F90033F8B5 /* AppConfiguration.swift */ = {isa = PBXFileReference; lastKnownFileType = sourcecode.swift; path = AppConfiguration.swift; sourceTree = "<group>"; };
		085D40C22AFD8C250033F8B5 /* Provider.swift */ = {isa = PBXFileReference; lastKnownFileType = sourcecode.swift; path = Provider.swift; sourceTree = "<group>"; };
		086E3FB42B310D0300FD9C0B /* ToolbarItems.swift */ = {isa = PBXFileReference; lastKnownFileType = sourcecode.swift; path = ToolbarItems.swift; sourceTree = "<group>"; };
		0878E53A2B1683ED00E0D79D /* AppIconView.swift */ = {isa = PBXFileReference; lastKnownFileType = sourcecode.swift; path = AppIconView.swift; sourceTree = "<group>"; };
		08827D102B28B72B0044213B /* ErrorDescView.swift */ = {isa = PBXFileReference; lastKnownFileType = sourcecode.swift; path = ErrorDescView.swift; sourceTree = "<group>"; };
		088CF05F2B1E43C6009CFDCB /* PlaceHolderView.swift */ = {isa = PBXFileReference; lastKnownFileType = sourcecode.swift; path = PlaceHolderView.swift; sourceTree = "<group>"; };
		088CF0612B1E705D009CFDCB /* ContextResetDivider.swift */ = {isa = PBXFileReference; lastKnownFileType = sourcecode.swift; path = ContextResetDivider.swift; sourceTree = "<group>"; };
		08A1EF4D2B2604D000A88A3A /* UserMessageView.swift */ = {isa = PBXFileReference; lastKnownFileType = sourcecode.swift; path = UserMessageView.swift; sourceTree = "<group>"; };
		08A1EF4F2B2606C000A88A3A /* AssistantMessageView.swift */ = {isa = PBXFileReference; lastKnownFileType = sourcecode.swift; path = AssistantMessageView.swift; sourceTree = "<group>"; };
		08A1EF512B26100600A88A3A /* DialogueViewModel.swift */ = {isa = PBXFileReference; lastKnownFileType = sourcecode.swift; path = DialogueViewModel.swift; sourceTree = "<group>"; };
		08C3A16A2B1B7DAB006E4288 /* LabeledPicker.swift */ = {isa = PBXFileReference; lastKnownFileType = sourcecode.swift; path = LabeledPicker.swift; sourceTree = "<group>"; };
		08D5332F2B2C25CC008B4FA9 /* ContextMenu.swift */ = {isa = PBXFileReference; lastKnownFileType = sourcecode.swift; path = ContextMenu.swift; sourceTree = "<group>"; };
		08D533312B2C2D50008B4FA9 /* AdaptiveStack.swift */ = {isa = PBXFileReference; lastKnownFileType = sourcecode.swift; path = AdaptiveStack.swift; sourceTree = "<group>"; };
		08D533332B2C2ED9008B4FA9 /* MarkdownView.swift */ = {isa = PBXFileReference; lastKnownFileType = sourcecode.swift; path = MarkdownView.swift; sourceTree = "<group>"; };
		08ED9EB72B02564D00849A1E /* DialogueListItem.swift */ = {isa = PBXFileReference; lastKnownFileType = sourcecode.swift; path = DialogueListItem.swift; sourceTree = "<group>"; };
		08F74EA32B0BC318006D1DD3 /* ServiceSettingsView.swift */ = {isa = PBXFileReference; lastKnownFileType = sourcecode.swift; path = ServiceSettingsView.swift; sourceTree = "<group>"; };
		E4994DF129DA8B29002981D0 /* MacOSSettingsView.swift */ = {isa = PBXFileReference; lastKnownFileType = sourcecode.swift; path = MacOSSettingsView.swift; sourceTree = "<group>"; };
		E4C65E9E29CA9E7E00AFA884 /* GPTalks.app */ = {isa = PBXFileReference; explicitFileType = wrapper.application; includeInIndex = 0; path = GPTalks.app; sourceTree = BUILT_PRODUCTS_DIR; };
		E4C65EA129CA9E7E00AFA884 /* GPTalks.swift */ = {isa = PBXFileReference; lastKnownFileType = sourcecode.swift; path = GPTalks.swift; sourceTree = "<group>"; };
		E4C65EA329CA9E7E00AFA884 /* Persistence.swift */ = {isa = PBXFileReference; lastKnownFileType = sourcecode.swift; path = Persistence.swift; sourceTree = "<group>"; };
		E4C65EA629CA9E7E00AFA884 /* ChatGPT.xcdatamodel */ = {isa = PBXFileReference; lastKnownFileType = wrapper.xcdatamodel; path = ChatGPT.xcdatamodel; sourceTree = "<group>"; };
		E4C65EA829CA9E7E00AFA884 /* ContentView.swift */ = {isa = PBXFileReference; lastKnownFileType = sourcecode.swift; path = ContentView.swift; sourceTree = "<group>"; };
		E4C65EAA29CA9E7F00AFA884 /* Assets.xcassets */ = {isa = PBXFileReference; lastKnownFileType = folder.assetcatalog; path = Assets.xcassets; sourceTree = "<group>"; };
		E4C65EAE29CA9E7F00AFA884 /* Preview Assets.xcassets */ = {isa = PBXFileReference; lastKnownFileType = folder.assetcatalog; path = "Preview Assets.xcassets"; sourceTree = "<group>"; };
		E4C65EB429CA9E8000AFA884 /* GPTalksTests.xctest */ = {isa = PBXFileReference; explicitFileType = wrapper.cfbundle; includeInIndex = 0; path = GPTalksTests.xctest; sourceTree = BUILT_PRODUCTS_DIR; };
		E4C65EB829CA9E8000AFA884 /* ChatGPTTests.swift */ = {isa = PBXFileReference; lastKnownFileType = sourcecode.swift; path = ChatGPTTests.swift; sourceTree = "<group>"; };
		E4C65EBE29CA9E8000AFA884 /* GPTalksUITests.xctest */ = {isa = PBXFileReference; explicitFileType = wrapper.cfbundle; includeInIndex = 0; path = GPTalksUITests.xctest; sourceTree = BUILT_PRODUCTS_DIR; };
		E4C65EC229CA9E8000AFA884 /* ChatGPTUITests.swift */ = {isa = PBXFileReference; lastKnownFileType = sourcecode.swift; path = ChatGPTUITests.swift; sourceTree = "<group>"; };
		E4C65EC429CA9E8000AFA884 /* ChatGPTUITestsLaunchTests.swift */ = {isa = PBXFileReference; lastKnownFileType = sourcecode.swift; path = ChatGPTUITestsLaunchTests.swift; sourceTree = "<group>"; };
		E4C65ED329CA9F7800AFA884 /* DialogueSession.swift */ = {isa = PBXFileReference; fileEncoding = 4; lastKnownFileType = sourcecode.swift; path = DialogueSession.swift; sourceTree = "<group>"; };
		E4C65ED429CA9F7800AFA884 /* Conversation.swift */ = {isa = PBXFileReference; fileEncoding = 4; lastKnownFileType = sourcecode.swift; path = Conversation.swift; sourceTree = "<group>"; };
		E4C65EDA29CA9F7800AFA884 /* MessageBubble.swift */ = {isa = PBXFileReference; fileEncoding = 4; lastKnownFileType = sourcecode.swift; path = MessageBubble.swift; sourceTree = "<group>"; };
		E4C65EDB29CA9F7800AFA884 /* ReplyingIndicatorView.swift */ = {isa = PBXFileReference; fileEncoding = 4; lastKnownFileType = sourcecode.swift; path = ReplyingIndicatorView.swift; sourceTree = "<group>"; };
		E4C65EDE29CA9F7800AFA884 /* AppSettingsView.swift */ = {isa = PBXFileReference; fileEncoding = 4; lastKnownFileType = sourcecode.swift; path = AppSettingsView.swift; sourceTree = "<group>"; };
		E4C65EEB29CA9F7800AFA884 /* Splash.swift */ = {isa = PBXFileReference; fileEncoding = 4; lastKnownFileType = sourcecode.swift; path = Splash.swift; sourceTree = "<group>"; };
		E4C65F1729CBEE2400AFA884 /* BottomInputView.swift */ = {isa = PBXFileReference; lastKnownFileType = sourcecode.swift; path = BottomInputView.swift; sourceTree = "<group>"; };
		E4C65F1F29D0649800AFA884 /* DialogueSettingsView.swift */ = {isa = PBXFileReference; lastKnownFileType = sourcecode.swift; path = DialogueSettingsView.swift; sourceTree = "<group>"; };
		E4EF056C2A3B3744005CF741 /* GPTalks-Info.plist */ = {isa = PBXFileReference; lastKnownFileType = text.plist.xml; path = "GPTalks-Info.plist"; sourceTree = "<group>"; };
/* End PBXFileReference section */

/* Begin PBXFrameworksBuildPhase section */
		E4C65E9B29CA9E7E00AFA884 /* Frameworks */ = {
			isa = PBXFrameworksBuildPhase;
			buildActionMask = 2147483647;
			files = (
				E4C65F0E29CAA06600AFA884 /* Splash in Frameworks */,
				08027CBB2B0D2D8A00ED09E6 /* OpenAI in Frameworks */,
				088CF05E2B1E3098009CFDCB /* OpenAI in Frameworks */,
				089119302B36C17300CABAF0 /* MarkdownWebView in Frameworks */,
				081859842B34D3DA005B1DE1 /* VisualEffectView in Frameworks */,
				E4C65F1129CAA08400AFA884 /* MarkdownUI in Frameworks */,
			);
			runOnlyForDeploymentPostprocessing = 0;
		};
		E4C65EB129CA9E8000AFA884 /* Frameworks */ = {
			isa = PBXFrameworksBuildPhase;
			buildActionMask = 2147483647;
			files = (
			);
			runOnlyForDeploymentPostprocessing = 0;
		};
		E4C65EBB29CA9E8000AFA884 /* Frameworks */ = {
			isa = PBXFrameworksBuildPhase;
			buildActionMask = 2147483647;
			files = (
			);
			runOnlyForDeploymentPostprocessing = 0;
		};
/* End PBXFrameworksBuildPhase section */

/* Begin PBXGroup section */
		08723DAB2AFA4911001D59FE /* LanguageModel */ = {
			isa = PBXGroup;
			children = (
				085D40C22AFD8C250033F8B5 /* Provider.swift */,
				0837E4802AFFE7AF00C03059 /* Model.swift */,
			);
			path = LanguageModel;
			sourceTree = "<group>";
		};
		08A1EF4C2B2604C300A88A3A /* MessageView */ = {
			isa = PBXGroup;
			children = (
				08A1EF4D2B2604D000A88A3A /* UserMessageView.swift */,
				08A1EF4F2B2606C000A88A3A /* AssistantMessageView.swift */,
				08D5332F2B2C25CC008B4FA9 /* ContextMenu.swift */,
				08D533332B2C2ED9008B4FA9 /* MarkdownView.swift */,
			);
			path = MessageView;
			sourceTree = "<group>";
		};
		E4994DF029DA8AF8002981D0 /* Setting */ = {
			isa = PBXGroup;
			children = (
				E4C65EDE29CA9F7800AFA884 /* AppSettingsView.swift */,
				E4994DF129DA8B29002981D0 /* MacOSSettingsView.swift */,
				0837E47C2AFE57A100C03059 /* DefaultConfigView.swift */,
				08F74EA32B0BC318006D1DD3 /* ServiceSettingsView.swift */,
				0878E53A2B1683ED00E0D79D /* AppIconView.swift */,
			);
			path = Setting;
			sourceTree = "<group>";
		};
		E4C65E9529CA9E7E00AFA884 = {
			isa = PBXGroup;
			children = (
				0858B5D12B369A78006712C1 /* OpenAI */,
				081859862B34D629005B1DE1 /* VisualEffectView */,
				E4EF056C2A3B3744005CF741 /* GPTalks-Info.plist */,
				E4C65EA029CA9E7E00AFA884 /* GPTalks */,
				E4C65EB729CA9E8000AFA884 /* GPTalksTests */,
				E4C65EC129CA9E8000AFA884 /* GPTalksTestsUITests */,
				E4C65E9F29CA9E7E00AFA884 /* Products */,
			);
			sourceTree = "<group>";
		};
		E4C65E9F29CA9E7E00AFA884 /* Products */ = {
			isa = PBXGroup;
			children = (
				E4C65E9E29CA9E7E00AFA884 /* GPTalks.app */,
				E4C65EB429CA9E8000AFA884 /* GPTalksTests.xctest */,
				E4C65EBE29CA9E8000AFA884 /* GPTalksUITests.xctest */,
			);
			name = Products;
			sourceTree = "<group>";
		};
		E4C65EA029CA9E7E00AFA884 /* GPTalks */ = {
			isa = PBXGroup;
			children = (
				E4C65ED129CA9F7800AFA884 /* Class */,
				085D40C02AFD77F90033F8B5 /* AppConfiguration.swift */,
				E4C65EA129CA9E7E00AFA884 /* GPTalks.swift */,
				E4C65EA829CA9E7E00AFA884 /* ContentView.swift */,
				E4C65EA329CA9E7E00AFA884 /* Persistence.swift */,
				E4C65EE829CA9F7800AFA884 /* Resource */,
				E4C65EA529CA9E7E00AFA884 /* GPTalks.xcdatamodeld */,
				E4C65EAD29CA9E7F00AFA884 /* Preview Content */,
			);
			path = GPTalks;
			sourceTree = "<group>";
		};
		E4C65EAD29CA9E7F00AFA884 /* Preview Content */ = {
			isa = PBXGroup;
			children = (
				E4C65EAE29CA9E7F00AFA884 /* Preview Assets.xcassets */,
			);
			path = "Preview Content";
			sourceTree = "<group>";
		};
		E4C65EB729CA9E8000AFA884 /* GPTalksTests */ = {
			isa = PBXGroup;
			children = (
				E4C65EB829CA9E8000AFA884 /* ChatGPTTests.swift */,
			);
			path = GPTalksTests;
			sourceTree = "<group>";
		};
		E4C65EC129CA9E8000AFA884 /* GPTalksTestsUITests */ = {
			isa = PBXGroup;
			children = (
				E4C65EC229CA9E8000AFA884 /* ChatGPTUITests.swift */,
				E4C65EC429CA9E8000AFA884 /* ChatGPTUITestsLaunchTests.swift */,
			);
			path = GPTalksTestsUITests;
			sourceTree = "<group>";
		};
		E4C65ED129CA9F7800AFA884 /* Class */ = {
			isa = PBXGroup;
			children = (
				08723DAB2AFA4911001D59FE /* LanguageModel */,
				E4C65ED529CA9F7800AFA884 /* View */,
				E4C65ED229CA9F7800AFA884 /* ViewModel */,
				E4C65EEA29CA9F7800AFA884 /* Utility */,
			);
			path = Class;
			sourceTree = "<group>";
		};
		E4C65ED229CA9F7800AFA884 /* ViewModel */ = {
			isa = PBXGroup;
			children = (
				E4C65ED329CA9F7800AFA884 /* DialogueSession.swift */,
				E4C65ED429CA9F7800AFA884 /* Conversation.swift */,
				08A1EF512B26100600A88A3A /* DialogueViewModel.swift */,
			);
			path = ViewModel;
			sourceTree = "<group>";
		};
		E4C65ED529CA9F7800AFA884 /* View */ = {
			isa = PBXGroup;
			children = (
				08A1EF4C2B2604C300A88A3A /* MessageView */,
				E4994DF029DA8AF8002981D0 /* Setting */,
				E4C65EDF29CA9F7800AFA884 /* DialogueList */,
				E4C65ED629CA9F7800AFA884 /* MessageList */,
				E4C65F1629CB450900AFA884 /* CustomUI */,
			);
			path = View;
			sourceTree = "<group>";
		};
		E4C65ED629CA9F7800AFA884 /* MessageList */ = {
			isa = PBXGroup;
			children = (
				E4C65F1729CBEE2400AFA884 /* BottomInputView.swift */,
				E4C65EDA29CA9F7800AFA884 /* MessageBubble.swift */,
				E4C65F1F29D0649800AFA884 /* DialogueSettingsView.swift */,
				086E3FB42B310D0300FD9C0B /* ToolbarItems.swift */,
				0829D1122B3166D900DFFBB1 /* iOSMessages.swift */,
				0829D1142B3166E300DFFBB1 /* MacOSMessages.swift */,
				0829D1162B317A4B00DFFBB1 /* ConversationView.swift */,
			);
			path = MessageList;
			sourceTree = "<group>";
		};
		E4C65EDF29CA9F7800AFA884 /* DialogueList */ = {
			isa = PBXGroup;
			children = (
				08ED9EB72B02564D00849A1E /* DialogueListItem.swift */,
				088CF05F2B1E43C6009CFDCB /* PlaceHolderView.swift */,
				0829D1182B31936C00DFFBB1 /* IOSDialogList.swift */,
				0829D11A2B31938000DFFBB1 /* MacOSDialogList.swift */,
			);
			path = DialogueList;
			sourceTree = "<group>";
		};
		E4C65EE829CA9F7800AFA884 /* Resource */ = {
			isa = PBXGroup;
			children = (
				E4C65EAA29CA9E7F00AFA884 /* Assets.xcassets */,
			);
			path = Resource;
			sourceTree = "<group>";
		};
		E4C65EEA29CA9F7800AFA884 /* Utility */ = {
			isa = PBXGroup;
			children = (
				E4C65EEB29CA9F7800AFA884 /* Splash.swift */,
				085D40BE2AFD66340033F8B5 /* Utils.swift */,
			);
			path = Utility;
			sourceTree = "<group>";
		};
		E4C65F1629CB450900AFA884 /* CustomUI */ = {
			isa = PBXGroup;
			children = (
				E4C65EDB29CA9F7800AFA884 /* ReplyingIndicatorView.swift */,
				08C3A16A2B1B7DAB006E4288 /* LabeledPicker.swift */,
				088CF0612B1E705D009CFDCB /* ContextResetDivider.swift */,
				08827D102B28B72B0044213B /* ErrorDescView.swift */,
				08D533312B2C2D50008B4FA9 /* AdaptiveStack.swift */,
				0846F1F52B33D68F002A2EB2 /* ProviderImage.swift */,
			);
			path = CustomUI;
			sourceTree = "<group>";
		};
/* End PBXGroup section */

/* Begin PBXNativeTarget section */
		E4C65E9D29CA9E7E00AFA884 /* GPTalks */ = {
			isa = PBXNativeTarget;
			buildConfigurationList = E4C65EC829CA9E8000AFA884 /* Build configuration list for PBXNativeTarget "GPTalks" */;
			buildPhases = (
				E4C65E9A29CA9E7E00AFA884 /* Sources */,
				E4C65E9B29CA9E7E00AFA884 /* Frameworks */,
				E4C65E9C29CA9E7E00AFA884 /* Resources */,
			);
			buildRules = (
			);
			dependencies = (
			);
			name = GPTalks;
			packageProductDependencies = (
				E4C65F0D29CAA06600AFA884 /* Splash */,
				E4C65F1029CAA08400AFA884 /* MarkdownUI */,
				08027CBA2B0D2D8A00ED09E6 /* OpenAI */,
				088CF05D2B1E3098009CFDCB /* OpenAI */,
				081859832B34D3DA005B1DE1 /* VisualEffectView */,
				0891192F2B36C17300CABAF0 /* MarkdownWebView */,
			);
			productName = ChatGPT;
			productReference = E4C65E9E29CA9E7E00AFA884 /* GPTalks.app */;
			productType = "com.apple.product-type.application";
		};
		E4C65EB329CA9E8000AFA884 /* GPTalksTests */ = {
			isa = PBXNativeTarget;
			buildConfigurationList = E4C65ECB29CA9E8000AFA884 /* Build configuration list for PBXNativeTarget "GPTalksTests" */;
			buildPhases = (
				E4C65EB029CA9E8000AFA884 /* Sources */,
				E4C65EB129CA9E8000AFA884 /* Frameworks */,
				E4C65EB229CA9E8000AFA884 /* Resources */,
			);
			buildRules = (
			);
			dependencies = (
				E4C65EB629CA9E8000AFA884 /* PBXTargetDependency */,
			);
			name = GPTalksTests;
			productName = ChatGPTTests;
			productReference = E4C65EB429CA9E8000AFA884 /* GPTalksTests.xctest */;
			productType = "com.apple.product-type.bundle.unit-test";
		};
		E4C65EBD29CA9E8000AFA884 /* GPTalksUITests */ = {
			isa = PBXNativeTarget;
			buildConfigurationList = E4C65ECE29CA9E8000AFA884 /* Build configuration list for PBXNativeTarget "GPTalksUITests" */;
			buildPhases = (
				E4C65EBA29CA9E8000AFA884 /* Sources */,
				E4C65EBB29CA9E8000AFA884 /* Frameworks */,
				E4C65EBC29CA9E8000AFA884 /* Resources */,
			);
			buildRules = (
			);
			dependencies = (
				E4C65EC029CA9E8000AFA884 /* PBXTargetDependency */,
			);
			name = GPTalksUITests;
			productName = ChatGPTUITests;
			productReference = E4C65EBE29CA9E8000AFA884 /* GPTalksUITests.xctest */;
			productType = "com.apple.product-type.bundle.ui-testing";
		};
/* End PBXNativeTarget section */

/* Begin PBXProject section */
		E4C65E9629CA9E7E00AFA884 /* Project object */ = {
			isa = PBXProject;
			attributes = {
				BuildIndependentTargetsInParallel = 1;
				LastSwiftUpdateCheck = 1420;
				LastUpgradeCheck = 1500;
				TargetAttributes = {
					E4C65E9D29CA9E7E00AFA884 = {
						CreatedOnToolsVersion = 14.2;
					};
					E4C65EB329CA9E8000AFA884 = {
						CreatedOnToolsVersion = 14.2;
						TestTargetID = E4C65E9D29CA9E7E00AFA884;
					};
					E4C65EBD29CA9E8000AFA884 = {
						CreatedOnToolsVersion = 14.2;
						TestTargetID = E4C65E9D29CA9E7E00AFA884;
					};
				};
			};
			buildConfigurationList = E4C65E9929CA9E7E00AFA884 /* Build configuration list for PBXProject "GPTalks" */;
			compatibilityVersion = "Xcode 14.0";
			developmentRegion = en;
			hasScannedForEncodings = 0;
			knownRegions = (
				en,
				Base,
			);
			mainGroup = E4C65E9529CA9E7E00AFA884;
			packageReferences = (
				E4C65F0C29CAA06600AFA884 /* XCRemoteSwiftPackageReference "Splash" */,
				E4C65F0F29CAA08400AFA884 /* XCRemoteSwiftPackageReference "swift-markdown-ui" */,
				081859822B34D3DA005B1DE1 /* XCRemoteSwiftPackageReference "VisualEffectView" */,
				0891192E2B36C17300CABAF0 /* XCRemoteSwiftPackageReference "markdown-webview" */,
			);
			productRefGroup = E4C65E9F29CA9E7E00AFA884 /* Products */;
			projectDirPath = "";
			projectRoot = "";
			targets = (
				E4C65E9D29CA9E7E00AFA884 /* GPTalks */,
				E4C65EB329CA9E8000AFA884 /* GPTalksTests */,
				E4C65EBD29CA9E8000AFA884 /* GPTalksUITests */,
			);
		};
/* End PBXProject section */

/* Begin PBXResourcesBuildPhase section */
		E4C65E9C29CA9E7E00AFA884 /* Resources */ = {
			isa = PBXResourcesBuildPhase;
			buildActionMask = 2147483647;
			files = (
				E4C65EAF29CA9E7F00AFA884 /* Preview Assets.xcassets in Resources */,
				E4C65EAB29CA9E7F00AFA884 /* Assets.xcassets in Resources */,
			);
			runOnlyForDeploymentPostprocessing = 0;
		};
		E4C65EB229CA9E8000AFA884 /* Resources */ = {
			isa = PBXResourcesBuildPhase;
			buildActionMask = 2147483647;
			files = (
			);
			runOnlyForDeploymentPostprocessing = 0;
		};
		E4C65EBC29CA9E8000AFA884 /* Resources */ = {
			isa = PBXResourcesBuildPhase;
			buildActionMask = 2147483647;
			files = (
			);
			runOnlyForDeploymentPostprocessing = 0;
		};
/* End PBXResourcesBuildPhase section */

/* Begin PBXSourcesBuildPhase section */
		E4C65E9A29CA9E7E00AFA884 /* Sources */ = {
			isa = PBXSourcesBuildPhase;
			buildActionMask = 2147483647;
			files = (
				08F74EA42B0BC318006D1DD3 /* ServiceSettingsView.swift in Sources */,
				088CF0622B1E705D009CFDCB /* ContextResetDivider.swift in Sources */,
				E4C65EA229CA9E7E00AFA884 /* GPTalks.swift in Sources */,
				0829D11B2B31938000DFFBB1 /* MacOSDialogList.swift in Sources */,
				E4994DF229DA8B29002981D0 /* MacOSSettingsView.swift in Sources */,
				086E3FB52B310D0300FD9C0B /* ToolbarItems.swift in Sources */,
				E4C65F2029D0649800AFA884 /* DialogueSettingsView.swift in Sources */,
				085D40BF2AFD66340033F8B5 /* Utils.swift in Sources */,
				E4C65EA729CA9E7E00AFA884 /* GPTalks.xcdatamodeld in Sources */,
				0878E53B2B1683ED00E0D79D /* AppIconView.swift in Sources */,
				E4C65EEE29CA9F7800AFA884 /* Conversation.swift in Sources */,
				E4C65EA929CA9E7E00AFA884 /* ContentView.swift in Sources */,
				0829D1132B3166D900DFFBB1 /* iOSMessages.swift in Sources */,
				E4C65F1829CBEE2400AFA884 /* BottomInputView.swift in Sources */,
				08827D112B28B72B0044213B /* ErrorDescView.swift in Sources */,
				0837E4812AFFE7B000C03059 /* Model.swift in Sources */,
				0846F1F62B33D68F002A2EB2 /* ProviderImage.swift in Sources */,
				E4C65EFE29CA9F7800AFA884 /* Splash.swift in Sources */,
				08D533322B2C2D50008B4FA9 /* AdaptiveStack.swift in Sources */,
				08A1EF502B2606C000A88A3A /* AssistantMessageView.swift in Sources */,
				E4C65EF329CA9F7800AFA884 /* ReplyingIndicatorView.swift in Sources */,
				088CF0602B1E43C6009CFDCB /* PlaceHolderView.swift in Sources */,
				08ED9EB82B02564D00849A1E /* DialogueListItem.swift in Sources */,
				E4C65EED29CA9F7800AFA884 /* DialogueSession.swift in Sources */,
				08C3A16B2B1B7DAB006E4288 /* LabeledPicker.swift in Sources */,
				0829D1152B3166E300DFFBB1 /* MacOSMessages.swift in Sources */,
				E4C65EF629CA9F7800AFA884 /* AppSettingsView.swift in Sources */,
				08A1EF522B26100600A88A3A /* DialogueViewModel.swift in Sources */,
				0829D1192B31936C00DFFBB1 /* IOSDialogList.swift in Sources */,
				E4C65EF229CA9F7800AFA884 /* MessageBubble.swift in Sources */,
				08A1EF4E2B2604D000A88A3A /* UserMessageView.swift in Sources */,
				E4C65EA429CA9E7E00AFA884 /* Persistence.swift in Sources */,
				08D533342B2C2ED9008B4FA9 /* MarkdownView.swift in Sources */,
				08D533302B2C25CC008B4FA9 /* ContextMenu.swift in Sources */,
				0837E47D2AFE57A100C03059 /* DefaultConfigView.swift in Sources */,
				085D40C32AFD8C250033F8B5 /* Provider.swift in Sources */,
				0829D1172B317A4B00DFFBB1 /* ConversationView.swift in Sources */,
				085D40C12AFD77F90033F8B5 /* AppConfiguration.swift in Sources */,
			);
			runOnlyForDeploymentPostprocessing = 0;
		};
		E4C65EB029CA9E8000AFA884 /* Sources */ = {
			isa = PBXSourcesBuildPhase;
			buildActionMask = 2147483647;
			files = (
				E4C65EB929CA9E8000AFA884 /* ChatGPTTests.swift in Sources */,
			);
			runOnlyForDeploymentPostprocessing = 0;
		};
		E4C65EBA29CA9E8000AFA884 /* Sources */ = {
			isa = PBXSourcesBuildPhase;
			buildActionMask = 2147483647;
			files = (
				E4C65EC529CA9E8000AFA884 /* ChatGPTUITestsLaunchTests.swift in Sources */,
				E4C65EC329CA9E8000AFA884 /* ChatGPTUITests.swift in Sources */,
			);
			runOnlyForDeploymentPostprocessing = 0;
		};
/* End PBXSourcesBuildPhase section */

/* Begin PBXTargetDependency section */
		E4C65EB629CA9E8000AFA884 /* PBXTargetDependency */ = {
			isa = PBXTargetDependency;
			target = E4C65E9D29CA9E7E00AFA884 /* GPTalks */;
			targetProxy = E4C65EB529CA9E8000AFA884 /* PBXContainerItemProxy */;
		};
		E4C65EC029CA9E8000AFA884 /* PBXTargetDependency */ = {
			isa = PBXTargetDependency;
			target = E4C65E9D29CA9E7E00AFA884 /* GPTalks */;
			targetProxy = E4C65EBF29CA9E8000AFA884 /* PBXContainerItemProxy */;
		};
/* End PBXTargetDependency section */

/* Begin XCBuildConfiguration section */
		E4C65EC629CA9E8000AFA884 /* Debug */ = {
			isa = XCBuildConfiguration;
			buildSettings = {
				ALWAYS_SEARCH_USER_PATHS = NO;
				ASSETCATALOG_COMPILER_ALTERNATE_APPICON_NAMES = "";
				ASSETCATALOG_COMPILER_INCLUDE_ALL_APPICON_ASSETS = YES;
				CLANG_ANALYZER_LOCALIZABILITY_NONLOCALIZED = YES;
				CLANG_ANALYZER_NONNULL = YES;
				CLANG_ANALYZER_NUMBER_OBJECT_CONVERSION = YES_AGGRESSIVE;
				CLANG_CXX_LANGUAGE_STANDARD = "gnu++20";
				CLANG_ENABLE_MODULES = YES;
				CLANG_ENABLE_OBJC_ARC = YES;
				CLANG_ENABLE_OBJC_WEAK = YES;
				CLANG_WARN_BLOCK_CAPTURE_AUTORELEASING = YES;
				CLANG_WARN_BOOL_CONVERSION = YES;
				CLANG_WARN_COMMA = YES;
				CLANG_WARN_CONSTANT_CONVERSION = YES;
				CLANG_WARN_DEPRECATED_OBJC_IMPLEMENTATIONS = YES;
				CLANG_WARN_DIRECT_OBJC_ISA_USAGE = YES_ERROR;
				CLANG_WARN_DOCUMENTATION_COMMENTS = YES;
				CLANG_WARN_EMPTY_BODY = YES;
				CLANG_WARN_ENUM_CONVERSION = YES;
				CLANG_WARN_INFINITE_RECURSION = YES;
				CLANG_WARN_INT_CONVERSION = YES;
				CLANG_WARN_NON_LITERAL_NULL_CONVERSION = YES;
				CLANG_WARN_OBJC_IMPLICIT_RETAIN_SELF = YES;
				CLANG_WARN_OBJC_LITERAL_CONVERSION = YES;
				CLANG_WARN_OBJC_ROOT_CLASS = YES_ERROR;
				CLANG_WARN_QUOTED_INCLUDE_IN_FRAMEWORK_HEADER = YES;
				CLANG_WARN_RANGE_LOOP_ANALYSIS = YES;
				CLANG_WARN_STRICT_PROTOTYPES = YES;
				CLANG_WARN_SUSPICIOUS_MOVE = YES;
				CLANG_WARN_UNGUARDED_AVAILABILITY = YES_AGGRESSIVE;
				CLANG_WARN_UNREACHABLE_CODE = YES;
				CLANG_WARN__DUPLICATE_METHOD_MATCH = YES;
				COPY_PHASE_STRIP = NO;
				DEAD_CODE_STRIPPING = YES;
				DEBUG_INFORMATION_FORMAT = dwarf;
				ENABLE_STRICT_OBJC_MSGSEND = YES;
				ENABLE_TESTABILITY = YES;
				ENABLE_USER_SCRIPT_SANDBOXING = YES;
				GCC_C_LANGUAGE_STANDARD = gnu11;
				GCC_DYNAMIC_NO_PIC = NO;
				GCC_NO_COMMON_BLOCKS = YES;
				GCC_OPTIMIZATION_LEVEL = 0;
				GCC_PREPROCESSOR_DEFINITIONS = (
					"DEBUG=1",
					"$(inherited)",
				);
				GCC_WARN_64_TO_32_BIT_CONVERSION = YES;
				GCC_WARN_ABOUT_RETURN_TYPE = YES_ERROR;
				GCC_WARN_UNDECLARED_SELECTOR = YES;
				GCC_WARN_UNINITIALIZED_AUTOS = YES_AGGRESSIVE;
				GCC_WARN_UNUSED_FUNCTION = YES;
				GCC_WARN_UNUSED_VARIABLE = YES;
				IPHONEOS_DEPLOYMENT_TARGET = 16.0;
				MACOSX_DEPLOYMENT_TARGET = 13.0;
				MTL_ENABLE_DEBUG_INFO = INCLUDE_SOURCE;
				MTL_FAST_MATH = YES;
				ONLY_ACTIVE_ARCH = YES;
				SWIFT_ACTIVE_COMPILATION_CONDITIONS = DEBUG;
				SWIFT_OPTIMIZATION_LEVEL = "-Onone";
			};
			name = Debug;
		};
		E4C65EC729CA9E8000AFA884 /* Release */ = {
			isa = XCBuildConfiguration;
			buildSettings = {
				ALWAYS_SEARCH_USER_PATHS = NO;
				ASSETCATALOG_COMPILER_ALTERNATE_APPICON_NAMES = "";
				ASSETCATALOG_COMPILER_INCLUDE_ALL_APPICON_ASSETS = YES;
				CLANG_ANALYZER_LOCALIZABILITY_NONLOCALIZED = YES;
				CLANG_ANALYZER_NONNULL = YES;
				CLANG_ANALYZER_NUMBER_OBJECT_CONVERSION = YES_AGGRESSIVE;
				CLANG_CXX_LANGUAGE_STANDARD = "gnu++20";
				CLANG_ENABLE_MODULES = YES;
				CLANG_ENABLE_OBJC_ARC = YES;
				CLANG_ENABLE_OBJC_WEAK = YES;
				CLANG_WARN_BLOCK_CAPTURE_AUTORELEASING = YES;
				CLANG_WARN_BOOL_CONVERSION = YES;
				CLANG_WARN_COMMA = YES;
				CLANG_WARN_CONSTANT_CONVERSION = YES;
				CLANG_WARN_DEPRECATED_OBJC_IMPLEMENTATIONS = YES;
				CLANG_WARN_DIRECT_OBJC_ISA_USAGE = YES_ERROR;
				CLANG_WARN_DOCUMENTATION_COMMENTS = YES;
				CLANG_WARN_EMPTY_BODY = YES;
				CLANG_WARN_ENUM_CONVERSION = YES;
				CLANG_WARN_INFINITE_RECURSION = YES;
				CLANG_WARN_INT_CONVERSION = YES;
				CLANG_WARN_NON_LITERAL_NULL_CONVERSION = YES;
				CLANG_WARN_OBJC_IMPLICIT_RETAIN_SELF = YES;
				CLANG_WARN_OBJC_LITERAL_CONVERSION = YES;
				CLANG_WARN_OBJC_ROOT_CLASS = YES_ERROR;
				CLANG_WARN_QUOTED_INCLUDE_IN_FRAMEWORK_HEADER = YES;
				CLANG_WARN_RANGE_LOOP_ANALYSIS = YES;
				CLANG_WARN_STRICT_PROTOTYPES = YES;
				CLANG_WARN_SUSPICIOUS_MOVE = YES;
				CLANG_WARN_UNGUARDED_AVAILABILITY = YES_AGGRESSIVE;
				CLANG_WARN_UNREACHABLE_CODE = YES;
				CLANG_WARN__DUPLICATE_METHOD_MATCH = YES;
				COPY_PHASE_STRIP = NO;
				DEAD_CODE_STRIPPING = YES;
				DEBUG_INFORMATION_FORMAT = "dwarf-with-dsym";
				ENABLE_NS_ASSERTIONS = NO;
				ENABLE_STRICT_OBJC_MSGSEND = YES;
				ENABLE_USER_SCRIPT_SANDBOXING = YES;
				GCC_C_LANGUAGE_STANDARD = gnu11;
				GCC_NO_COMMON_BLOCKS = YES;
				GCC_WARN_64_TO_32_BIT_CONVERSION = YES;
				GCC_WARN_ABOUT_RETURN_TYPE = YES_ERROR;
				GCC_WARN_UNDECLARED_SELECTOR = YES;
				GCC_WARN_UNINITIALIZED_AUTOS = YES_AGGRESSIVE;
				GCC_WARN_UNUSED_FUNCTION = YES;
				GCC_WARN_UNUSED_VARIABLE = YES;
				IPHONEOS_DEPLOYMENT_TARGET = 16.0;
				MACOSX_DEPLOYMENT_TARGET = 13.0;
				MTL_ENABLE_DEBUG_INFO = NO;
				MTL_FAST_MATH = YES;
				SWIFT_COMPILATION_MODE = wholemodule;
				SWIFT_OPTIMIZATION_LEVEL = "-O";
			};
			name = Release;
		};
		E4C65EC929CA9E8000AFA884 /* Debug */ = {
			isa = XCBuildConfiguration;
			buildSettings = {
				ASSETCATALOG_COMPILER_ALTERNATE_APPICON_NAMES = "";
				ASSETCATALOG_COMPILER_APPICON_NAME = AppIcon;
				"ASSETCATALOG_COMPILER_APPICON_NAME[sdk=macosx*]" = AppIconMac2;
				ASSETCATALOG_COMPILER_GLOBAL_ACCENT_COLOR_NAME = AccentColor;
				ASSETCATALOG_COMPILER_INCLUDE_ALL_APPICON_ASSETS = YES;
				CODE_SIGN_ENTITLEMENTS = GPTalks/GPTalks.entitlements;
				CODE_SIGN_STYLE = Automatic;
				CURRENT_PROJECT_VERSION = 1;
				DEAD_CODE_STRIPPING = YES;
				DEVELOPMENT_ASSET_PATHS = "\"GPTalks/Preview Content\"";
				DEVELOPMENT_TEAM = J52QUTREBS;
				ENABLE_HARDENED_RUNTIME = YES;
				"ENABLE_HARDENED_RUNTIME[sdk=macosx*]" = YES;
				ENABLE_PREVIEWS = YES;
				GENERATE_INFOPLIST_FILE = YES;
				INFOPLIST_FILE = "GPTalks-Info.plist";
				INFOPLIST_KEY_CFBundleDisplayName = GPTalks;
				INFOPLIST_KEY_LSApplicationCategoryType = "public.app-category.education";
				"INFOPLIST_KEY_UIApplicationSceneManifest_Generation[sdk=iphoneos*]" = YES;
				"INFOPLIST_KEY_UIApplicationSceneManifest_Generation[sdk=iphonesimulator*]" = YES;
				"INFOPLIST_KEY_UIApplicationSupportsIndirectInputEvents[sdk=iphoneos*]" = YES;
				"INFOPLIST_KEY_UIApplicationSupportsIndirectInputEvents[sdk=iphonesimulator*]" = YES;
				"INFOPLIST_KEY_UILaunchScreen_Generation[sdk=iphoneos*]" = YES;
				"INFOPLIST_KEY_UILaunchScreen_Generation[sdk=iphonesimulator*]" = YES;
				"INFOPLIST_KEY_UIStatusBarStyle[sdk=iphoneos*]" = UIStatusBarStyleDefault;
				"INFOPLIST_KEY_UIStatusBarStyle[sdk=iphonesimulator*]" = UIStatusBarStyleDefault;
				INFOPLIST_KEY_UISupportedInterfaceOrientations_iPad = "UIInterfaceOrientationPortrait UIInterfaceOrientationPortraitUpsideDown UIInterfaceOrientationLandscapeLeft UIInterfaceOrientationLandscapeRight";
				INFOPLIST_KEY_UISupportedInterfaceOrientations_iPhone = "UIInterfaceOrientationPortrait UIInterfaceOrientationLandscapeLeft UIInterfaceOrientationLandscapeRight";
				IPHONEOS_DEPLOYMENT_TARGET = 17.0;
				LD_RUNPATH_SEARCH_PATHS = "@executable_path/Frameworks";
				"LD_RUNPATH_SEARCH_PATHS[sdk=macosx*]" = "@executable_path/../Frameworks";
				MACOSX_DEPLOYMENT_TARGET = 14.0;
				MARKETING_VERSION = 1.0.0;
				PRODUCT_BUNDLE_IDENTIFIER = com.zabir.gptalks;
				PRODUCT_NAME = "$(TARGET_NAME)";
				SDKROOT = auto;
				SUPPORTED_PLATFORMS = "iphoneos iphonesimulator macosx";
				SUPPORTS_MACCATALYST = NO;
				SUPPORTS_MAC_DESIGNED_FOR_IPHONE_IPAD = NO;
				SWIFT_EMIT_LOC_STRINGS = YES;
				SWIFT_VERSION = 5.0;
				TARGETED_DEVICE_FAMILY = "1,2";
			};
			name = Debug;
		};
		E4C65ECA29CA9E8000AFA884 /* Release */ = {
			isa = XCBuildConfiguration;
			buildSettings = {
				ASSETCATALOG_COMPILER_ALTERNATE_APPICON_NAMES = "";
				ASSETCATALOG_COMPILER_APPICON_NAME = AppIcon;
				"ASSETCATALOG_COMPILER_APPICON_NAME[sdk=macosx*]" = AppIconMac2;
				ASSETCATALOG_COMPILER_GLOBAL_ACCENT_COLOR_NAME = AccentColor;
				ASSETCATALOG_COMPILER_INCLUDE_ALL_APPICON_ASSETS = YES;
				CODE_SIGN_ENTITLEMENTS = GPTalks/GPTalks.entitlements;
				"CODE_SIGN_IDENTITY[sdk=macosx*]" = "Apple Development";
				CODE_SIGN_STYLE = Automatic;
				CURRENT_PROJECT_VERSION = 1;
				DEAD_CODE_STRIPPING = YES;
				DEVELOPMENT_ASSET_PATHS = "\"GPTalks/Preview Content\"";
				DEVELOPMENT_TEAM = J52QUTREBS;
				ENABLE_HARDENED_RUNTIME = YES;
				"ENABLE_HARDENED_RUNTIME[sdk=macosx*]" = YES;
				ENABLE_PREVIEWS = YES;
				GENERATE_INFOPLIST_FILE = YES;
				INFOPLIST_FILE = "GPTalks-Info.plist";
				INFOPLIST_KEY_CFBundleDisplayName = GPTalks;
				INFOPLIST_KEY_LSApplicationCategoryType = "public.app-category.education";
				"INFOPLIST_KEY_UIApplicationSceneManifest_Generation[sdk=iphoneos*]" = YES;
				"INFOPLIST_KEY_UIApplicationSceneManifest_Generation[sdk=iphonesimulator*]" = YES;
				"INFOPLIST_KEY_UIApplicationSupportsIndirectInputEvents[sdk=iphoneos*]" = YES;
				"INFOPLIST_KEY_UIApplicationSupportsIndirectInputEvents[sdk=iphonesimulator*]" = YES;
				"INFOPLIST_KEY_UILaunchScreen_Generation[sdk=iphoneos*]" = YES;
				"INFOPLIST_KEY_UILaunchScreen_Generation[sdk=iphonesimulator*]" = YES;
				"INFOPLIST_KEY_UIStatusBarStyle[sdk=iphoneos*]" = UIStatusBarStyleDefault;
				"INFOPLIST_KEY_UIStatusBarStyle[sdk=iphonesimulator*]" = UIStatusBarStyleDefault;
				INFOPLIST_KEY_UISupportedInterfaceOrientations_iPad = "UIInterfaceOrientationPortrait UIInterfaceOrientationPortraitUpsideDown UIInterfaceOrientationLandscapeLeft UIInterfaceOrientationLandscapeRight";
				INFOPLIST_KEY_UISupportedInterfaceOrientations_iPhone = "UIInterfaceOrientationPortrait UIInterfaceOrientationLandscapeLeft UIInterfaceOrientationLandscapeRight";
				IPHONEOS_DEPLOYMENT_TARGET = 17.0;
				LD_RUNPATH_SEARCH_PATHS = "@executable_path/Frameworks";
				"LD_RUNPATH_SEARCH_PATHS[sdk=macosx*]" = "@executable_path/../Frameworks";
				MACOSX_DEPLOYMENT_TARGET = 14.0;
				MARKETING_VERSION = 1.0.0;
				PRODUCT_BUNDLE_IDENTIFIER = com.zabir.gptalks;
				PRODUCT_NAME = "$(TARGET_NAME)";
				SDKROOT = auto;
				SUPPORTED_PLATFORMS = "iphoneos iphonesimulator macosx";
				SUPPORTS_MACCATALYST = NO;
				SUPPORTS_MAC_DESIGNED_FOR_IPHONE_IPAD = NO;
				SWIFT_EMIT_LOC_STRINGS = YES;
				SWIFT_VERSION = 5.0;
				TARGETED_DEVICE_FAMILY = "1,2";
			};
			name = Release;
		};
		E4C65ECC29CA9E8000AFA884 /* Debug */ = {
			isa = XCBuildConfiguration;
			buildSettings = {
				ALWAYS_EMBED_SWIFT_STANDARD_LIBRARIES = YES;
				BUNDLE_LOADER = "$(TEST_HOST)";
				CODE_SIGN_STYLE = Automatic;
				CURRENT_PROJECT_VERSION = 1;
				DEAD_CODE_STRIPPING = YES;
				DEVELOPMENT_TEAM = 2WRET6WW2J;
				GENERATE_INFOPLIST_FILE = YES;
				IPHONEOS_DEPLOYMENT_TARGET = 16.0;
				MACOSX_DEPLOYMENT_TARGET = 13.0;
				MARKETING_VERSION = 1.0;
				PRODUCT_BUNDLE_IDENTIFIER = com.luohuanyu.ChatGPTTests;
				PRODUCT_NAME = "$(TARGET_NAME)";
				SDKROOT = auto;
				SUPPORTED_PLATFORMS = "iphoneos iphonesimulator macosx";
				SWIFT_EMIT_LOC_STRINGS = NO;
				SWIFT_VERSION = 5.0;
				TARGETED_DEVICE_FAMILY = "1,2";
				TEST_HOST = "$(BUILT_PRODUCTS_DIR)/GPTalks.app/$(BUNDLE_EXECUTABLE_FOLDER_PATH)/GPTalks";
			};
			name = Debug;
		};
		E4C65ECD29CA9E8000AFA884 /* Release */ = {
			isa = XCBuildConfiguration;
			buildSettings = {
				ALWAYS_EMBED_SWIFT_STANDARD_LIBRARIES = YES;
				BUNDLE_LOADER = "$(TEST_HOST)";
				CODE_SIGN_STYLE = Automatic;
				CURRENT_PROJECT_VERSION = 1;
				DEAD_CODE_STRIPPING = YES;
				DEVELOPMENT_TEAM = 2WRET6WW2J;
				GENERATE_INFOPLIST_FILE = YES;
				IPHONEOS_DEPLOYMENT_TARGET = 16.0;
				MACOSX_DEPLOYMENT_TARGET = 13.0;
				MARKETING_VERSION = 1.0;
				PRODUCT_BUNDLE_IDENTIFIER = com.luohuanyu.ChatGPTTests;
				PRODUCT_NAME = "$(TARGET_NAME)";
				SDKROOT = auto;
				SUPPORTED_PLATFORMS = "iphoneos iphonesimulator macosx";
				SWIFT_EMIT_LOC_STRINGS = NO;
				SWIFT_VERSION = 5.0;
				TARGETED_DEVICE_FAMILY = "1,2";
				TEST_HOST = "$(BUILT_PRODUCTS_DIR)/GPTalks.app/$(BUNDLE_EXECUTABLE_FOLDER_PATH)/GPTalks";
			};
			name = Release;
		};
		E4C65ECF29CA9E8000AFA884 /* Debug */ = {
			isa = XCBuildConfiguration;
			buildSettings = {
				ALWAYS_EMBED_SWIFT_STANDARD_LIBRARIES = YES;
				CODE_SIGN_STYLE = Automatic;
				CURRENT_PROJECT_VERSION = 1;
				DEAD_CODE_STRIPPING = YES;
				DEVELOPMENT_TEAM = 2WRET6WW2J;
				GENERATE_INFOPLIST_FILE = YES;
				IPHONEOS_DEPLOYMENT_TARGET = 16.0;
				MACOSX_DEPLOYMENT_TARGET = 13.0;
				MARKETING_VERSION = 1.0;
				PRODUCT_BUNDLE_IDENTIFIER = com.luohuanyu.ChatGPTUITests;
				PRODUCT_NAME = "$(TARGET_NAME)";
				SDKROOT = auto;
				SUPPORTED_PLATFORMS = "iphoneos iphonesimulator macosx";
				SWIFT_EMIT_LOC_STRINGS = NO;
				SWIFT_VERSION = 5.0;
				TARGETED_DEVICE_FAMILY = "1,2";
				TEST_TARGET_NAME = ChatGPT;
			};
			name = Debug;
		};
		E4C65ED029CA9E8000AFA884 /* Release */ = {
			isa = XCBuildConfiguration;
			buildSettings = {
				ALWAYS_EMBED_SWIFT_STANDARD_LIBRARIES = YES;
				CODE_SIGN_STYLE = Automatic;
				CURRENT_PROJECT_VERSION = 1;
				DEAD_CODE_STRIPPING = YES;
				DEVELOPMENT_TEAM = 2WRET6WW2J;
				GENERATE_INFOPLIST_FILE = YES;
				IPHONEOS_DEPLOYMENT_TARGET = 16.0;
				MACOSX_DEPLOYMENT_TARGET = 13.0;
				MARKETING_VERSION = 1.0;
				PRODUCT_BUNDLE_IDENTIFIER = com.luohuanyu.ChatGPTUITests;
				PRODUCT_NAME = "$(TARGET_NAME)";
				SDKROOT = auto;
				SUPPORTED_PLATFORMS = "iphoneos iphonesimulator macosx";
				SWIFT_EMIT_LOC_STRINGS = NO;
				SWIFT_VERSION = 5.0;
				TARGETED_DEVICE_FAMILY = "1,2";
				TEST_TARGET_NAME = ChatGPT;
			};
			name = Release;
		};
/* End XCBuildConfiguration section */

/* Begin XCConfigurationList section */
		E4C65E9929CA9E7E00AFA884 /* Build configuration list for PBXProject "GPTalks" */ = {
			isa = XCConfigurationList;
			buildConfigurations = (
				E4C65EC629CA9E8000AFA884 /* Debug */,
				E4C65EC729CA9E8000AFA884 /* Release */,
			);
			defaultConfigurationIsVisible = 0;
			defaultConfigurationName = Release;
		};
		E4C65EC829CA9E8000AFA884 /* Build configuration list for PBXNativeTarget "GPTalks" */ = {
			isa = XCConfigurationList;
			buildConfigurations = (
				E4C65EC929CA9E8000AFA884 /* Debug */,
				E4C65ECA29CA9E8000AFA884 /* Release */,
			);
			defaultConfigurationIsVisible = 0;
			defaultConfigurationName = Release;
		};
		E4C65ECB29CA9E8000AFA884 /* Build configuration list for PBXNativeTarget "GPTalksTests" */ = {
			isa = XCConfigurationList;
			buildConfigurations = (
				E4C65ECC29CA9E8000AFA884 /* Debug */,
				E4C65ECD29CA9E8000AFA884 /* Release */,
			);
			defaultConfigurationIsVisible = 0;
			defaultConfigurationName = Release;
		};
		E4C65ECE29CA9E8000AFA884 /* Build configuration list for PBXNativeTarget "GPTalksUITests" */ = {
			isa = XCConfigurationList;
			buildConfigurations = (
				E4C65ECF29CA9E8000AFA884 /* Debug */,
				E4C65ED029CA9E8000AFA884 /* Release */,
			);
			defaultConfigurationIsVisible = 0;
			defaultConfigurationName = Release;
		};
/* End XCConfigurationList section */

/* Begin XCRemoteSwiftPackageReference section */
		081859822B34D3DA005B1DE1 /* XCRemoteSwiftPackageReference "VisualEffectView" */ = {
			isa = XCRemoteSwiftPackageReference;
			repositoryURL = "https://github.com/efremidze/VisualEffectView";
			requirement = {
				kind = upToNextMajorVersion;
				minimumVersion = 4.1.5;
			};
		};
		0891192E2B36C17300CABAF0 /* XCRemoteSwiftPackageReference "markdown-webview" */ = {
			isa = XCRemoteSwiftPackageReference;
			repositoryURL = "https://github.com/tomdai/markdown-webview?ref=iosexample.com";
			requirement = {
				kind = upToNextMajorVersion;
				minimumVersion = 2.0.1;
			};
		};
		E4C65F0C29CAA06600AFA884 /* XCRemoteSwiftPackageReference "Splash" */ = {
			isa = XCRemoteSwiftPackageReference;
			repositoryURL = "https://github.com/JohnSundell/Splash";
			requirement = {
				kind = upToNextMajorVersion;
				minimumVersion = 0.9.0;
			};
		};
		E4C65F0F29CAA08400AFA884 /* XCRemoteSwiftPackageReference "swift-markdown-ui" */ = {
			isa = XCRemoteSwiftPackageReference;
			repositoryURL = "https://github.com/gonzalezreal/swift-markdown-ui";
			requirement = {
				kind = upToNextMajorVersion;
				minimumVersion = 2.0.0;
			};
		};
/* End XCRemoteSwiftPackageReference section */

/* Begin XCSwiftPackageProductDependency section */
		08027CBA2B0D2D8A00ED09E6 /* OpenAI */ = {
			isa = XCSwiftPackageProductDependency;
			productName = OpenAI;
		};
		081859832B34D3DA005B1DE1 /* VisualEffectView */ = {
			isa = XCSwiftPackageProductDependency;
			package = 081859822B34D3DA005B1DE1 /* XCRemoteSwiftPackageReference "VisualEffectView" */;
			productName = VisualEffectView;
		};
		088CF05D2B1E3098009CFDCB /* OpenAI */ = {
			isa = XCSwiftPackageProductDependency;
			productName = OpenAI;
		};
		0891192F2B36C17300CABAF0 /* MarkdownWebView */ = {
			isa = XCSwiftPackageProductDependency;
			package = 0891192E2B36C17300CABAF0 /* XCRemoteSwiftPackageReference "markdown-webview" */;
			productName = MarkdownWebView;
		};
		E4C65F0D29CAA06600AFA884 /* Splash */ = {
			isa = XCSwiftPackageProductDependency;
			package = E4C65F0C29CAA06600AFA884 /* XCRemoteSwiftPackageReference "Splash" */;
			productName = Splash;
		};
		E4C65F1029CAA08400AFA884 /* MarkdownUI */ = {
			isa = XCSwiftPackageProductDependency;
			package = E4C65F0F29CAA08400AFA884 /* XCRemoteSwiftPackageReference "swift-markdown-ui" */;
			productName = MarkdownUI;
		};
/* End XCSwiftPackageProductDependency section */

/* Begin XCVersionGroup section */
		E4C65EA529CA9E7E00AFA884 /* GPTalks.xcdatamodeld */ = {
			isa = XCVersionGroup;
			children = (
				E4C65EA629CA9E7E00AFA884 /* ChatGPT.xcdatamodel */,
			);
			currentVersion = E4C65EA629CA9E7E00AFA884 /* ChatGPT.xcdatamodel */;
			path = GPTalks.xcdatamodeld;
			sourceTree = "<group>";
			versionGroupType = wrapper.xcdatamodel;
		};
/* End XCVersionGroup section */
	};
	rootObject = E4C65E9629CA9E7E00AFA884 /* Project object */;
}
